
Microsoft Visual Studio Solution File, Format Version 12.00
# Visual Studio Version 17
VisualStudioVersion = 17.7.34202.233
MinimumVisualStudioVersion = 10.0.40219.1
Project("{9A19103F-16F7-4668-BE54-9A1E7A4F7556}") = "test_app", "test_app\test_app.csproj", "{58A43B8C-1027-4D9C-9C15-C96904D93240}"
EndProject
Project("{9A19103F-16F7-4668-BE54-9A1E7A4F7556}") = "utils", "utils\utils.csproj", "{1A6405CC-BF2E-4208-9220-1D749C790737}"
EndProject
Project("{FAE04EC0-301F-11D3-BF4B-00C04F79EFBC}") = "abstractions", "abstractions\abstractions.csproj", "{6784FCC7-8D40-4E96-AE1A-6E40C4839B90}"
EndProject
Global
	GlobalSection(SolutionConfigurationPlatforms) = preSolution
		Debug|Any CPU = Debug|Any CPU
		Release|Any CPU = Release|Any CPU
	EndGlobalSection
	GlobalSection(ProjectConfigurationPlatforms) = postSolution
		{58A43B8C-1027-4D9C-9C15-C96904D93240}.Debug|Any CPU.ActiveCfg = Debug|Any CPU
		{58A43B8C-1027-4D9C-9C15-C96904D93240}.Debug|Any CPU.Build.0 = Debug|Any CPU
		{58A43B8C-1027-4D9C-9C15-C96904D93240}.Release|Any CPU.ActiveCfg = Release|Any CPU
		{58A43B8C-1027-4D9C-9C15-C96904D93240}.Release|Any CPU.Build.0 = Release|Any CPU
		{1A6405CC-BF2E-4208-9220-1D749C790737}.Debug|Any CPU.ActiveCfg = Debug|Any CPU
		{1A6405CC-BF2E-4208-9220-1D749C790737}.Debug|Any CPU.Build.0 = Debug|Any CPU
		{1A6405CC-BF2E-4208-9220-1D749C790737}.Release|Any CPU.ActiveCfg = Release|Any CPU
		{1A6405CC-BF2E-4208-9220-1D749C790737}.Release|Any CPU.Build.0 = Release|Any CPU
		{6784FCC7-8D40-4E96-AE1A-6E40C4839B90}.Debug|Any CPU.ActiveCfg = Debug|Any CPU
		{6784FCC7-8D40-4E96-AE1A-6E40C4839B90}.Debug|Any CPU.Build.0 = Debug|Any CPU
		{6784FCC7-8D40-4E96-AE1A-6E40C4839B90}.Release|Any CPU.ActiveCfg = Release|Any CPU
		{6784FCC7-8D40-4E96-AE1A-6E40C4839B90}.Release|Any CPU.Build.0 = Release|Any CPU
	EndGlobalSection
	GlobalSection(SolutionProperties) = preSolution
		HideSolutionNode = FALSE
	EndGlobalSection
	GlobalSection(ExtensibilityGlobals) = postSolution
		SolutionGuid = {05D68E96-9EF9-4EB6-8E0F-3A1B6D7ADECD}
	EndGlobalSection
EndGlobal
